
Microsoft Visual Studio Solution File, Format Version 12.00
# Visual Studio 15
VisualStudioVersion = 15.0.27703.2026
MinimumVisualStudioVersion = 10.0.40219.1
Project("{FAE04EC0-301F-11D3-BF4B-00C04F79EFBC}") = "ConsoleApp1", "ConsoleApp1\ConsoleApp1.csproj", "{135B7678-64D2-4343-B8F5-1A4E817F9190}"
EndProject
Global
	GlobalSection(SolutionConfigurationPlatforms) = preSolution
		Debug|Any CPU = Debug|Any CPU
		Release|Any CPU = Release|Any CPU
	EndGlobalSection
	GlobalSection(ProjectConfigurationPlatforms) = postSolution
		{135B7678-64D2-4343-B8F5-1A4E817F9190}.Debug|Any CPU.ActiveCfg = Debug|Any CPU
		{135B7678-64D2-4343-B8F5-1A4E817F9190}.Debug|Any CPU.Build.0 = Debug|Any CPU
		{135B7678-64D2-4343-B8F5-1A4E817F9190}.Release|Any CPU.ActiveCfg = Release|Any CPU
		{135B7678-64D2-4343-B8F5-1A4E817F9190}.Release|Any CPU.Build.0 = Release|Any CPU
	EndGlobalSection
	GlobalSection(SolutionProperties) = preSolution
		HideSolutionNode = FALSE
	EndGlobalSection
	GlobalSection(ExtensibilityGlobals) = postSolution
		SolutionGuid = {E95EF86A-FF95-4C92-BD36-0BE3305D316D}
	EndGlobalSection
EndGlobal
