
Microsoft Visual Studio Solution File, Format Version 12.00
# Visual Studio 15
VisualStudioVersion = 15.0.27703.2026
MinimumVisualStudioVersion = 10.0.40219.1
Project("{9A19103F-16F7-4668-BE54-9A1E7A4F7556}") = "SecureNotesWeb_old", "SecureNotesWeb\SecureNotesWeb_old.csproj", "{A19AB2F5-ED46-44C6-97AB-8A790CCBA7B1}"
EndProject
Project("{FAE04EC0-301F-11D3-BF4B-00C04F79EFBC}") = "SecureNotesWpfClient", "SecureNotesWpfClient\SecureNotesWpfClient.csproj", "{B560ED28-FB95-420E-8767-E55CC0B022BF}"
EndProject
Project("{9A19103F-16F7-4668-BE54-9A1E7A4F7556}") = "SecureNotes.Common", "SecureNotes.Common\SecureNotes.Common.csproj", "{9809B552-CA25-4C8B-9CFD-93F66A8C6341}"
EndProject
Project("{9A19103F-16F7-4668-BE54-9A1E7A4F7556}") = "ConsoleApp2", "ConsoleApp2\ConsoleApp2.csproj", "{18D49A04-B806-4521-8D06-8D43189BE5C4}"
EndProject
Project("{9A19103F-16F7-4668-BE54-9A1E7A4F7556}") = "SecureNotesWebAPI", "SecureNotesWebAPI\SecureNotesWebAPI.csproj", "{F3E6441B-9803-440B-A7EF-2CFEF1CE7AC4}"
EndProject
Project("{9A19103F-16F7-4668-BE54-9A1E7A4F7556}") = "SecureNotesWebClient", "SecureNotesWebClient\SecureNotesWebClient.csproj", "{739370DB-0509-4C0C-A4E7-2C21B7EBE185}"
EndProject
Project("{9A19103F-16F7-4668-BE54-9A1E7A4F7556}") = "AspNetCore.Identity.Dapper", "AspNetCore.Identity.Dapper\AspNetCore.Identity.Dapper.csproj", "{149C5005-D685-42F7-A7FD-9FF1B253FF0A}"
EndProject
Project("{00D1A9C2-B5F0-4AF3-8072-F6C62B433612}") = "SecureNotes.Database.Identity", "SecureNotes.Database.Identity\SecureNotes.Database.Identity.sqlproj", "{47AD48C9-48C1-4747-8F4F-03CB21E3B6DE}"
EndProject
Global
	GlobalSection(SolutionConfigurationPlatforms) = preSolution
		Debug|Any CPU = Debug|Any CPU
		Release|Any CPU = Release|Any CPU
	EndGlobalSection
	GlobalSection(ProjectConfigurationPlatforms) = postSolution
		{A19AB2F5-ED46-44C6-97AB-8A790CCBA7B1}.Debug|Any CPU.ActiveCfg = Debug|Any CPU
		{A19AB2F5-ED46-44C6-97AB-8A790CCBA7B1}.Debug|Any CPU.Build.0 = Debug|Any CPU
		{A19AB2F5-ED46-44C6-97AB-8A790CCBA7B1}.Release|Any CPU.ActiveCfg = Release|Any CPU
		{A19AB2F5-ED46-44C6-97AB-8A790CCBA7B1}.Release|Any CPU.Build.0 = Release|Any CPU
		{B560ED28-FB95-420E-8767-E55CC0B022BF}.Debug|Any CPU.ActiveCfg = Debug|Any CPU
		{B560ED28-FB95-420E-8767-E55CC0B022BF}.Debug|Any CPU.Build.0 = Debug|Any CPU
		{B560ED28-FB95-420E-8767-E55CC0B022BF}.Release|Any CPU.ActiveCfg = Release|Any CPU
		{B560ED28-FB95-420E-8767-E55CC0B022BF}.Release|Any CPU.Build.0 = Release|Any CPU
		{9809B552-CA25-4C8B-9CFD-93F66A8C6341}.Debug|Any CPU.ActiveCfg = Debug|Any CPU
		{9809B552-CA25-4C8B-9CFD-93F66A8C6341}.Debug|Any CPU.Build.0 = Debug|Any CPU
		{9809B552-CA25-4C8B-9CFD-93F66A8C6341}.Release|Any CPU.ActiveCfg = Release|Any CPU
		{9809B552-CA25-4C8B-9CFD-93F66A8C6341}.Release|Any CPU.Build.0 = Release|Any CPU
		{18D49A04-B806-4521-8D06-8D43189BE5C4}.Debug|Any CPU.ActiveCfg = Debug|Any CPU
		{18D49A04-B806-4521-8D06-8D43189BE5C4}.Debug|Any CPU.Build.0 = Debug|Any CPU
		{18D49A04-B806-4521-8D06-8D43189BE5C4}.Release|Any CPU.ActiveCfg = Release|Any CPU
		{18D49A04-B806-4521-8D06-8D43189BE5C4}.Release|Any CPU.Build.0 = Release|Any CPU
		{F3E6441B-9803-440B-A7EF-2CFEF1CE7AC4}.Debug|Any CPU.ActiveCfg = Debug|Any CPU
		{F3E6441B-9803-440B-A7EF-2CFEF1CE7AC4}.Debug|Any CPU.Build.0 = Debug|Any CPU
		{F3E6441B-9803-440B-A7EF-2CFEF1CE7AC4}.Release|Any CPU.ActiveCfg = Release|Any CPU
		{F3E6441B-9803-440B-A7EF-2CFEF1CE7AC4}.Release|Any CPU.Build.0 = Release|Any CPU
		{739370DB-0509-4C0C-A4E7-2C21B7EBE185}.Debug|Any CPU.ActiveCfg = Debug|Any CPU
		{739370DB-0509-4C0C-A4E7-2C21B7EBE185}.Debug|Any CPU.Build.0 = Debug|Any CPU
		{739370DB-0509-4C0C-A4E7-2C21B7EBE185}.Release|Any CPU.ActiveCfg = Release|Any CPU
		{739370DB-0509-4C0C-A4E7-2C21B7EBE185}.Release|Any CPU.Build.0 = Release|Any CPU
		{149C5005-D685-42F7-A7FD-9FF1B253FF0A}.Debug|Any CPU.ActiveCfg = Debug|Any CPU
		{149C5005-D685-42F7-A7FD-9FF1B253FF0A}.Debug|Any CPU.Build.0 = Debug|Any CPU
		{149C5005-D685-42F7-A7FD-9FF1B253FF0A}.Release|Any CPU.ActiveCfg = Release|Any CPU
		{149C5005-D685-42F7-A7FD-9FF1B253FF0A}.Release|Any CPU.Build.0 = Release|Any CPU
		{47AD48C9-48C1-4747-8F4F-03CB21E3B6DE}.Debug|Any CPU.ActiveCfg = Debug|Any CPU
		{47AD48C9-48C1-4747-8F4F-03CB21E3B6DE}.Debug|Any CPU.Build.0 = Debug|Any CPU
		{47AD48C9-48C1-4747-8F4F-03CB21E3B6DE}.Debug|Any CPU.Deploy.0 = Debug|Any CPU
		{47AD48C9-48C1-4747-8F4F-03CB21E3B6DE}.Release|Any CPU.ActiveCfg = Release|Any CPU
		{47AD48C9-48C1-4747-8F4F-03CB21E3B6DE}.Release|Any CPU.Build.0 = Release|Any CPU
		{47AD48C9-48C1-4747-8F4F-03CB21E3B6DE}.Release|Any CPU.Deploy.0 = Release|Any CPU
	EndGlobalSection
	GlobalSection(SolutionProperties) = preSolution
		HideSolutionNode = FALSE
	EndGlobalSection
	GlobalSection(ExtensibilityGlobals) = postSolution
		SolutionGuid = {61CAF68E-FBC2-48CE-A57F-0016C9FC5F96}
	EndGlobalSection
EndGlobal
